
Microsoft Visual Studio Solution File, Format Version 12.00
# Visual Studio Version 17
VisualStudioVersion = 17.8.34525.116
MinimumVisualStudioVersion = 10.0.40219.1
Project("{9A19103F-16F7-4668-BE54-9A1E7A4F7556}") = "ConsoleApp1", "ConsoleApp1\ConsoleApp1.csproj", "{96280EAB-5F06-4BEA-8525-0F09B4B1BFC3}"
EndProject
Project("{FAE04EC0-301F-11D3-BF4B-00C04F79EFBC}") = "Buisness", "Buisness\Buisness.csproj", "{E9891AF5-7BBC-4620-8CDA-E7D254232A73}"
EndProject
Project("{FAE04EC0-301F-11D3-BF4B-00C04F79EFBC}") = "Entitites", "Entitites\Entitites.csproj", "{75C55066-2CBA-4DDA-B764-5031B441433E}"
EndProject
Global
	GlobalSection(SolutionConfigurationPlatforms) = preSolution
		Debug|Any CPU = Debug|Any CPU
		Release|Any CPU = Release|Any CPU
	EndGlobalSection
	GlobalSection(ProjectConfigurationPlatforms) = postSolution
		{96280EAB-5F06-4BEA-8525-0F09B4B1BFC3}.Debug|Any CPU.ActiveCfg = Debug|Any CPU
		{96280EAB-5F06-4BEA-8525-0F09B4B1BFC3}.Debug|Any CPU.Build.0 = Debug|Any CPU
		{96280EAB-5F06-4BEA-8525-0F09B4B1BFC3}.Release|Any CPU.ActiveCfg = Release|Any CPU
		{96280EAB-5F06-4BEA-8525-0F09B4B1BFC3}.Release|Any CPU.Build.0 = Release|Any CPU
		{E9891AF5-7BBC-4620-8CDA-E7D254232A73}.Debug|Any CPU.ActiveCfg = Debug|Any CPU
		{E9891AF5-7BBC-4620-8CDA-E7D254232A73}.Debug|Any CPU.Build.0 = Debug|Any CPU
		{E9891AF5-7BBC-4620-8CDA-E7D254232A73}.Release|Any CPU.ActiveCfg = Release|Any CPU
		{E9891AF5-7BBC-4620-8CDA-E7D254232A73}.Release|Any CPU.Build.0 = Release|Any CPU
		{75C55066-2CBA-4DDA-B764-5031B441433E}.Debug|Any CPU.ActiveCfg = Debug|Any CPU
		{75C55066-2CBA-4DDA-B764-5031B441433E}.Debug|Any CPU.Build.0 = Debug|Any CPU
		{75C55066-2CBA-4DDA-B764-5031B441433E}.Release|Any CPU.ActiveCfg = Release|Any CPU
		{75C55066-2CBA-4DDA-B764-5031B441433E}.Release|Any CPU.Build.0 = Release|Any CPU
	EndGlobalSection
	GlobalSection(SolutionProperties) = preSolution
		HideSolutionNode = FALSE
	EndGlobalSection
	GlobalSection(ExtensibilityGlobals) = postSolution
		SolutionGuid = {4C26873D-29DD-4DBC-8CEC-3CC1EACD8BA8}
	EndGlobalSection
EndGlobal
